
Microsoft Visual Studio Solution File, Format Version 11.00
# Visual Studio 2010
Project("{FAE04EC0-301F-11D3-BF4B-00C04F79EFBC}") = "EsomaSharedDocuments", "EsomaSharedDocuments\EsomaSharedDocuments.csproj", "{AF1577A1-E6C4-4884-8902-1B313040AC16}"
EndProject
Global
	GlobalSection(SolutionConfigurationPlatforms) = preSolution
		Debug|Any CPU = Debug|Any CPU
		Release|Any CPU = Release|Any CPU
	EndGlobalSection
	GlobalSection(ProjectConfigurationPlatforms) = postSolution
		{AF1577A1-E6C4-4884-8902-1B313040AC16}.Debug|Any CPU.ActiveCfg = Debug|Any CPU
		{AF1577A1-E6C4-4884-8902-1B313040AC16}.Debug|Any CPU.Build.0 = Debug|Any CPU
		{AF1577A1-E6C4-4884-8902-1B313040AC16}.Release|Any CPU.ActiveCfg = Release|Any CPU
		{AF1577A1-E6C4-4884-8902-1B313040AC16}.Release|Any CPU.Build.0 = Release|Any CPU
	EndGlobalSection
	GlobalSection(MonoDevelopProperties) = preSolution
		StartupItem = EsomaSharedDocuments\EsomaSharedDocuments.csproj
	EndGlobalSection
EndGlobal
