
Microsoft Visual Studio Solution File, Format Version 10.00
# Visual Studio 2008
Project("{FAE04EC0-301F-11D3-BF4B-00C04F79EFBC}") = "IndivoClient", "IndivoClient\IndivoClient.csproj", "{C760E18B-189B-447C-8142-93CBEBA9F4E7}"
EndProject
Global
	GlobalSection(SolutionConfigurationPlatforms) = preSolution
		Debug|Any CPU = Debug|Any CPU
		Release|Any CPU = Release|Any CPU
	EndGlobalSection
	GlobalSection(ProjectConfigurationPlatforms) = postSolution
		{C760E18B-189B-447C-8142-93CBEBA9F4E7}.Debug|Any CPU.ActiveCfg = Debug|Any CPU
		{C760E18B-189B-447C-8142-93CBEBA9F4E7}.Debug|Any CPU.Build.0 = Debug|Any CPU
		{C760E18B-189B-447C-8142-93CBEBA9F4E7}.Release|Any CPU.ActiveCfg = Release|Any CPU
		{C760E18B-189B-447C-8142-93CBEBA9F4E7}.Release|Any CPU.Build.0 = Release|Any CPU
	EndGlobalSection
	GlobalSection(MonoDevelopProperties) = preSolution
		StartupItem = IndivoClient\IndivoClient.csproj
	EndGlobalSection
	GlobalSection(SolutionProperties) = preSolution
		HideSolutionNode = FALSE
	EndGlobalSection
EndGlobal
